
Microsoft Visual Studio Solution File, Format Version 12.00
# Visual Studio Version 17
VisualStudioVersion = 17.10.35013.160
MinimumVisualStudioVersion = 10.0.40219.1
Project("{FAE04EC0-301F-11D3-BF4B-00C04F79EFBC}") = "Growell_API", "Growell_API\Growell_API.csproj", "{B4744266-6462-4BEF-9FB9-BC35A36A83A8}"
EndProject
Global
	GlobalSection(SolutionConfigurationPlatforms) = preSolution
		Debug|Any CPU = Debug|Any CPU
		Release|Any CPU = Release|Any CPU
	EndGlobalSection
	GlobalSection(ProjectConfigurationPlatforms) = postSolution
		{B4744266-6462-4BEF-9FB9-BC35A36A83A8}.Debug|Any CPU.ActiveCfg = Debug|Any CPU
		{B4744266-6462-4BEF-9FB9-BC35A36A83A8}.Debug|Any CPU.Build.0 = Debug|Any CPU
		{B4744266-6462-4BEF-9FB9-BC35A36A83A8}.Release|Any CPU.ActiveCfg = Release|Any CPU
		{B4744266-6462-4BEF-9FB9-BC35A36A83A8}.Release|Any CPU.Build.0 = Release|Any CPU
	EndGlobalSection
	GlobalSection(SolutionProperties) = preSolution
		HideSolutionNode = FALSE
	EndGlobalSection
	GlobalSection(ExtensibilityGlobals) = postSolution
		SolutionGuid = {8CFEBBDF-D42F-4959-BC68-9EF9BF232E6A}
	EndGlobalSection
EndGlobal
